
Microsoft Visual Studio Solution File, Format Version 12.00
# Visual Studio Version 17
VisualStudioVersion = 17.4.32916.344
MinimumVisualStudioVersion = 10.0.40219.1
Project("{FAE04EC0-301F-11D3-BF4B-00C04F79EFBC}") = "Numeric", "Numeric\Numeric.csproj", "{8F80C94F-C1B3-405E-B25D-7CDB0D28B621}"
EndProject
Global
	GlobalSection(SolutionConfigurationPlatforms) = preSolution
		Debug|Any CPU = Debug|Any CPU
		Release|Any CPU = Release|Any CPU
	EndGlobalSection
	GlobalSection(ProjectConfigurationPlatforms) = postSolution
		{8F80C94F-C1B3-405E-B25D-7CDB0D28B621}.Debug|Any CPU.ActiveCfg = Debug|Any CPU
		{8F80C94F-C1B3-405E-B25D-7CDB0D28B621}.Debug|Any CPU.Build.0 = Debug|Any CPU
		{8F80C94F-C1B3-405E-B25D-7CDB0D28B621}.Release|Any CPU.ActiveCfg = Release|Any CPU
		{8F80C94F-C1B3-405E-B25D-7CDB0D28B621}.Release|Any CPU.Build.0 = Release|Any CPU
	EndGlobalSection
	GlobalSection(SolutionProperties) = preSolution
		HideSolutionNode = FALSE
	EndGlobalSection
	GlobalSection(ExtensibilityGlobals) = postSolution
		SolutionGuid = {1238E4B7-C459-4D6E-80B1-4E7E025AD308}
	EndGlobalSection
EndGlobal
