
Microsoft Visual Studio Solution File, Format Version 12.00
# Visual Studio Version 17
VisualStudioVersion = 17.2.32210.308
MinimumVisualStudioVersion = 10.0.40219.1
Project("{FAE04EC0-301F-11D3-BF4B-00C04F79EFBC}") = "RawStringLiterals", "RawStringLiterals\RawStringLiterals.csproj", "{3A88DEF6-E988-410A-8F78-25F7858F3644}"
EndProject
Global
	GlobalSection(SolutionConfigurationPlatforms) = preSolution
		Debug|Any CPU = Debug|Any CPU
		Release|Any CPU = Release|Any CPU
	EndGlobalSection
	GlobalSection(ProjectConfigurationPlatforms) = postSolution
		{3A88DEF6-E988-410A-8F78-25F7858F3644}.Debug|Any CPU.ActiveCfg = Debug|Any CPU
		{3A88DEF6-E988-410A-8F78-25F7858F3644}.Debug|Any CPU.Build.0 = Debug|Any CPU
		{3A88DEF6-E988-410A-8F78-25F7858F3644}.Release|Any CPU.ActiveCfg = Release|Any CPU
		{3A88DEF6-E988-410A-8F78-25F7858F3644}.Release|Any CPU.Build.0 = Release|Any CPU
	EndGlobalSection
	GlobalSection(SolutionProperties) = preSolution
		HideSolutionNode = FALSE
	EndGlobalSection
	GlobalSection(ExtensibilityGlobals) = postSolution
		SolutionGuid = {97372456-A758-4B38-9C06-39690A517E56}
	EndGlobalSection
EndGlobal
