
Microsoft Visual Studio Solution File, Format Version 12.00
# Visual Studio Version 17
VisualStudioVersion = 17.4.32916.344
MinimumVisualStudioVersion = 10.0.40219.1
Project("{9A19103F-16F7-4668-BE54-9A1E7A4F7556}") = "LoggingSample", "LoggingSample.csproj", "{0EE244D6-A30B-4320-BEB5-EE8F33EE332C}"
EndProject
Global
	GlobalSection(SolutionConfigurationPlatforms) = preSolution
		Debug|Any CPU = Debug|Any CPU
		Release|Any CPU = Release|Any CPU
	EndGlobalSection
	GlobalSection(ProjectConfigurationPlatforms) = postSolution
		{0EE244D6-A30B-4320-BEB5-EE8F33EE332C}.Debug|Any CPU.ActiveCfg = Debug|Any CPU
		{0EE244D6-A30B-4320-BEB5-EE8F33EE332C}.Debug|Any CPU.Build.0 = Debug|Any CPU
		{0EE244D6-A30B-4320-BEB5-EE8F33EE332C}.Release|Any CPU.ActiveCfg = Release|Any CPU
		{0EE244D6-A30B-4320-BEB5-EE8F33EE332C}.Release|Any CPU.Build.0 = Release|Any CPU
	EndGlobalSection
	GlobalSection(SolutionProperties) = preSolution
		HideSolutionNode = FALSE
	EndGlobalSection
	GlobalSection(ExtensibilityGlobals) = postSolution
		SolutionGuid = {1E644FC0-C246-4721-85D4-D086DA3CB22A}
	EndGlobalSection
EndGlobal
