
Microsoft Visual Studio Solution File, Format Version 12.00
# Visual Studio Version 17
VisualStudioVersion = 17.4.32916.344
MinimumVisualStudioVersion = 10.0.40219.1
Project("{FAE04EC0-301F-11D3-BF4B-00C04F79EFBC}") = "RegExSample", "RegExSample.csproj", "{0180F07E-1518-4740-B35A-4558E773BA7A}"
EndProject
Global
	GlobalSection(SolutionConfigurationPlatforms) = preSolution
		Debug|Any CPU = Debug|Any CPU
		Release|Any CPU = Release|Any CPU
	EndGlobalSection
	GlobalSection(ProjectConfigurationPlatforms) = postSolution
		{0180F07E-1518-4740-B35A-4558E773BA7A}.Debug|Any CPU.ActiveCfg = Debug|Any CPU
		{0180F07E-1518-4740-B35A-4558E773BA7A}.Debug|Any CPU.Build.0 = Debug|Any CPU
		{0180F07E-1518-4740-B35A-4558E773BA7A}.Release|Any CPU.ActiveCfg = Release|Any CPU
		{0180F07E-1518-4740-B35A-4558E773BA7A}.Release|Any CPU.Build.0 = Release|Any CPU
	EndGlobalSection
	GlobalSection(SolutionProperties) = preSolution
		HideSolutionNode = FALSE
	EndGlobalSection
	GlobalSection(ExtensibilityGlobals) = postSolution
		SolutionGuid = {4A6F31D6-41E4-4CAA-B14C-16FE828B8D6F}
	EndGlobalSection
EndGlobal
